// !$*UTF8*$!
{
	archiveVersion = 1;
	classes = {
	};
	objectVersion = 46;
	objects = {

/* Begin PBXBuildFile section */
		84B2125018F216E100235C3B /* Foundation.framework in Frameworks */ = {isa = PBXBuildFile; fileRef = 84B2124F18F216E100235C3B /* Foundation.framework */; };
		84B2125518F216E100235C3B /* UltraLayout.h in CopyFiles */ = {isa = PBXBuildFile; fileRef = 84B2125418F216E100235C3B /* UltraLayout.h */; };
		84B2125718F216E100235C3B /* UltraLayout.m in Sources */ = {isa = PBXBuildFile; fileRef = 84B2125618F216E100235C3B /* UltraLayout.m */; };
		84B2125E18F216E100235C3B /* XCTest.framework in Frameworks */ = {isa = PBXBuildFile; fileRef = 84B2125D18F216E100235C3B /* XCTest.framework */; };
		84B2125F18F216E100235C3B /* Foundation.framework in Frameworks */ = {isa = PBXBuildFile; fileRef = 84B2124F18F216E100235C3B /* Foundation.framework */; };
		84B2126418F216E100235C3B /* libUltraLayout.a in Frameworks */ = {isa = PBXBuildFile; fileRef = 84B2124C18F216E100235C3B /* libUltraLayout.a */; };
		84B2126A18F216E100235C3B /* InfoPlist.strings in Resources */ = {isa = PBXBuildFile; fileRef = 84B2126818F216E100235C3B /* InfoPlist.strings */; };
		84B2127718F2170300235C3B /* UIView+ULInitExtensions.m in Sources */ = {isa = PBXBuildFile; fileRef = 84B2127618F2170300235C3B /* UIView+ULInitExtensions.m */; };
		84B2127A18F218FA00235C3B /* ULAttribute.m in Sources */ = {isa = PBXBuildFile; fileRef = 84B2127918F218FA00235C3B /* ULAttribute.m */; };
		84B2127D18F2197900235C3B /* NSLayoutConstraint+ULExtensions.m in Sources */ = {isa = PBXBuildFile; fileRef = 84B2127C18F2197900235C3B /* NSLayoutConstraint+ULExtensions.m */; };
		84B2128018F21A1E00235C3B /* UIView+ULItem.m in Sources */ = {isa = PBXBuildFile; fileRef = 84B2127F18F21A1E00235C3B /* UIView+ULItem.m */; };
		84B2128718F21EE300235C3B /* NSLayoutConstraint+ULExtensions.h in CopyFiles */ = {isa = PBXBuildFile; fileRef = 84B2127B18F2197900235C3B /* NSLayoutConstraint+ULExtensions.h */; };
		84B2128818F21EE300235C3B /* ULAttribute.h in CopyFiles */ = {isa = PBXBuildFile; fileRef = 84B2127818F218FA00235C3B /* ULAttribute.h */; };
		84B2128918F21EE300235C3B /* UIView+ULInitExtensions.h in CopyFiles */ = {isa = PBXBuildFile; fileRef = 84B2127518F2170300235C3B /* UIView+ULInitExtensions.h */; };
		84B2128A18F21EE300235C3B /* UIView+ULItem.h in CopyFiles */ = {isa = PBXBuildFile; fileRef = 84B2127E18F21A1E00235C3B /* UIView+ULItem.h */; };
		84B2128D18F2306400235C3B /* AppKitOrUIKit.h in CopyFiles */ = {isa = PBXBuildFile; fileRef = 84B2128C18F2300A00235C3B /* AppKitOrUIKit.h */; };
		84B2129018F2315C00235C3B /* ULItem.m in Sources */ = {isa = PBXBuildFile; fileRef = 84B2128F18F2315C00235C3B /* ULItem.m */; };
		84B2129118F2332200235C3B /* ULItem.h in CopyFiles */ = {isa = PBXBuildFile; fileRef = 84B2128E18F2315C00235C3B /* ULItem.h */; };
		84B212A318F2500A00235C3B /* InfoPlist.strings in Resources */ = {isa = PBXBuildFile; fileRef = 84B212A118F2500A00235C3B /* InfoPlist.strings */; };
		84B212AD18F2500A00235C3B /* XCTest.framework in Frameworks */ = {isa = PBXBuildFile; fileRef = 84B2125D18F216E100235C3B /* XCTest.framework */; };
		84B212B718F2500A00235C3B /* InfoPlist.strings in Resources */ = {isa = PBXBuildFile; fileRef = 84B212B518F2500A00235C3B /* InfoPlist.strings */; };
		84B212C018F2508C00235C3B /* UltraLayout.h in Headers */ = {isa = PBXBuildFile; fileRef = 84B2125418F216E100235C3B /* UltraLayout.h */; settings = {ATTRIBUTES = (Public, ); }; };
		84B212C118F2508C00235C3B /* AppKitOrUIKit.h in Headers */ = {isa = PBXBuildFile; fileRef = 84B2128C18F2300A00235C3B /* AppKitOrUIKit.h */; settings = {ATTRIBUTES = (Public, ); }; };
		84B212C218F2508C00235C3B /* NSLayoutConstraint+ULExtensions.h in Headers */ = {isa = PBXBuildFile; fileRef = 84B2127B18F2197900235C3B /* NSLayoutConstraint+ULExtensions.h */; settings = {ATTRIBUTES = (Public, ); }; };
		84B212C318F2508C00235C3B /* ULItem.h in Headers */ = {isa = PBXBuildFile; fileRef = 84B2128E18F2315C00235C3B /* ULItem.h */; settings = {ATTRIBUTES = (Public, ); }; };
		84B212C418F2508C00235C3B /* ULAttribute.h in Headers */ = {isa = PBXBuildFile; fileRef = 84B2127818F218FA00235C3B /* ULAttribute.h */; settings = {ATTRIBUTES = (Public, ); }; };
		84B212C518F250D100235C3B /* UltraLayout.m in Sources */ = {isa = PBXBuildFile; fileRef = 84B2125618F216E100235C3B /* UltraLayout.m */; };
		84B212C618F250D100235C3B /* NSLayoutConstraint+ULExtensions.m in Sources */ = {isa = PBXBuildFile; fileRef = 84B2127C18F2197900235C3B /* NSLayoutConstraint+ULExtensions.m */; };
		84B212C718F250D100235C3B /* ULItem.m in Sources */ = {isa = PBXBuildFile; fileRef = 84B2128F18F2315C00235C3B /* ULItem.m */; };
		84B212C818F250D100235C3B /* ULAttribute.m in Sources */ = {isa = PBXBuildFile; fileRef = 84B2127918F218FA00235C3B /* ULAttribute.m */; };
		84B212CB18F252F700235C3B /* NSView+ULItem.h in Headers */ = {isa = PBXBuildFile; fileRef = 84B212C918F252F700235C3B /* NSView+ULItem.h */; settings = {ATTRIBUTES = (Public, ); }; };
		84B212CC18F252F700235C3B /* NSView+ULItem.m in Sources */ = {isa = PBXBuildFile; fileRef = 84B212CA18F252F700235C3B /* NSView+ULItem.m */; };
		84B212D018F2537F00235C3B /* NSView+ULInitExtensions.h in Headers */ = {isa = PBXBuildFile; fileRef = 84B212CD18F2536C00235C3B /* NSView+ULInitExtensions.h */; settings = {ATTRIBUTES = (Public, ); }; };
		84B212D218F253D600235C3B /* Cocoa.framework in Frameworks */ = {isa = PBXBuildFile; fileRef = 84B212D118F253D600235C3B /* Cocoa.framework */; };
		84B212D318F2546500235C3B /* NSView+ULInitExtensions.m in Sources */ = {isa = PBXBuildFile; fileRef = 84B212CE18F2536C00235C3B /* NSView+ULInitExtensions.m */; };
		84B212D618F257CA00235C3B /* ULDimensionAttribute.h in Headers */ = {isa = PBXBuildFile; fileRef = 84B212D418F257CA00235C3B /* ULDimensionAttribute.h */; settings = {ATTRIBUTES = (Public, ); }; };
		84B212D718F257CA00235C3B /* ULDimensionAttribute.m in Sources */ = {isa = PBXBuildFile; fileRef = 84B212D518F257CA00235C3B /* ULDimensionAttribute.m */; };
		84B212D818F257CA00235C3B /* ULDimensionAttribute.m in Sources */ = {isa = PBXBuildFile; fileRef = 84B212D518F257CA00235C3B /* ULDimensionAttribute.m */; };
		84B212DB18F25A8000235C3B /* ULLayoutPosition.h in Headers */ = {isa = PBXBuildFile; fileRef = 84B212D918F25A8000235C3B /* ULLayoutPosition.h */; settings = {ATTRIBUTES = (Public, ); }; };
		84B212DC18F25A8000235C3B /* ULLayoutPosition.m in Sources */ = {isa = PBXBuildFile; fileRef = 84B212DA18F25A8000235C3B /* ULLayoutPosition.m */; };
		84B212DD18F25A8000235C3B /* ULLayoutPosition.m in Sources */ = {isa = PBXBuildFile; fileRef = 84B212DA18F25A8000235C3B /* ULLayoutPosition.m */; };
		84B212DE18F25CAA00235C3B /* ULDimensionAttribute.h in CopyFiles */ = {isa = PBXBuildFile; fileRef = 84B212D418F257CA00235C3B /* ULDimensionAttribute.h */; };
		84B212DF18F25F0000235C3B /* ULLayoutPosition.h in CopyFiles */ = {isa = PBXBuildFile; fileRef = 84B212D918F25A8000235C3B /* ULLayoutPosition.h */; };
		84B212E518F2883100235C3B /* UIKit.framework in Frameworks */ = {isa = PBXBuildFile; fileRef = 84B212E418F2883100235C3B /* UIKit.framework */; };
		84B212E618F2884200235C3B /* Cocoa.framework in Frameworks */ = {isa = PBXBuildFile; fileRef = 84B212D118F253D600235C3B /* Cocoa.framework */; };
		84B212E718F2884800235C3B /* UltraLayout.framework in Frameworks */ = {isa = PBXBuildFile; fileRef = 84B2129718F2500A00235C3B /* UltraLayout.framework */; };
		84B2131B18F28CAD00235C3B /* ULMacLayoutConstraintAddRemoveTests.m in Sources */ = {isa = PBXBuildFile; fileRef = 84B2131A18F28CAD00235C3B /* ULMacLayoutConstraintAddRemoveTests.m */; };
		84B2131D18F28CBE00235C3B /* ULMacInitExtensionTests.m in Sources */ = {isa = PBXBuildFile; fileRef = 84B2131C18F28CBE00235C3B /* ULMacInitExtensionTests.m */; };
		84B2131F18F292F200235C3B /* ULMacItemTests.m in Sources */ = {isa = PBXBuildFile; fileRef = 84B2131E18F292F200235C3B /* ULMacItemTests.m */; };
/* End PBXBuildFile section */

/* Begin PBXContainerItemProxy section */
		84B2126218F216E100235C3B /* PBXContainerItemProxy */ = {
			isa = PBXContainerItemProxy;
			containerPortal = 84B2124418F216E100235C3B /* Project object */;
			proxyType = 1;
			remoteGlobalIDString = 84B2124B18F216E100235C3B;
			remoteInfo = UltraLayout;
		};
		84B212AF18F2500A00235C3B /* PBXContainerItemProxy */ = {
			isa = PBXContainerItemProxy;
			containerPortal = 84B2124418F216E100235C3B /* Project object */;
			proxyType = 1;
			remoteGlobalIDString = 84B2129618F2500A00235C3B;
			remoteInfo = "UltraLayout Mac";
		};
/* End PBXContainerItemProxy section */

/* Begin PBXCopyFilesBuildPhase section */
		84B2124A18F216E100235C3B /* CopyFiles */ = {
			isa = PBXCopyFilesBuildPhase;
			buildActionMask = 2147483647;
			dstPath = "include/$(PRODUCT_NAME)";
			dstSubfolderSpec = 16;
			files = (
				84B212DF18F25F0000235C3B /* ULLayoutPosition.h in CopyFiles */,
				84B212DE18F25CAA00235C3B /* ULDimensionAttribute.h in CopyFiles */,
				84B2129118F2332200235C3B /* ULItem.h in CopyFiles */,
				84B2128D18F2306400235C3B /* AppKitOrUIKit.h in CopyFiles */,
				84B2128718F21EE300235C3B /* NSLayoutConstraint+ULExtensions.h in CopyFiles */,
				84B2128818F21EE300235C3B /* ULAttribute.h in CopyFiles */,
				84B2128918F21EE300235C3B /* UIView+ULInitExtensions.h in CopyFiles */,
				84B2128A18F21EE300235C3B /* UIView+ULItem.h in CopyFiles */,
				84B2125518F216E100235C3B /* UltraLayout.h in CopyFiles */,
			);
			runOnlyForDeploymentPostprocessing = 0;
		};
/* End PBXCopyFilesBuildPhase section */

/* Begin PBXFileReference section */
		84B2124C18F216E100235C3B /* libUltraLayout.a */ = {isa = PBXFileReference; explicitFileType = archive.ar; includeInIndex = 0; path = libUltraLayout.a; sourceTree = BUILT_PRODUCTS_DIR; };
		84B2124F18F216E100235C3B /* Foundation.framework */ = {isa = PBXFileReference; lastKnownFileType = wrapper.framework; name = Foundation.framework; path = System/Library/Frameworks/Foundation.framework; sourceTree = SDKROOT; };
		84B2125318F216E100235C3B /* UltraLayout-Prefix.pch */ = {isa = PBXFileReference; lastKnownFileType = sourcecode.c.h; path = "UltraLayout-Prefix.pch"; sourceTree = "<group>"; };
		84B2125418F216E100235C3B /* UltraLayout.h */ = {isa = PBXFileReference; lastKnownFileType = sourcecode.c.h; path = UltraLayout.h; sourceTree = "<group>"; };
		84B2125618F216E100235C3B /* UltraLayout.m */ = {isa = PBXFileReference; lastKnownFileType = sourcecode.c.objc; path = UltraLayout.m; sourceTree = "<group>"; };
		84B2125C18F216E100235C3B /* UltraLayoutTests.xctest */ = {isa = PBXFileReference; explicitFileType = wrapper.cfbundle; includeInIndex = 0; path = UltraLayoutTests.xctest; sourceTree = BUILT_PRODUCTS_DIR; };
		84B2125D18F216E100235C3B /* XCTest.framework */ = {isa = PBXFileReference; lastKnownFileType = wrapper.framework; name = XCTest.framework; path = Library/Frameworks/XCTest.framework; sourceTree = DEVELOPER_DIR; };
		84B2126018F216E100235C3B /* UIKit.framework */ = {isa = PBXFileReference; lastKnownFileType = wrapper.framework; name = UIKit.framework; path = Library/Frameworks/UIKit.framework; sourceTree = DEVELOPER_DIR; };
		84B2126718F216E100235C3B /* UltraLayoutTests-Info.plist */ = {isa = PBXFileReference; lastKnownFileType = text.plist.xml; path = "UltraLayoutTests-Info.plist"; sourceTree = "<group>"; };
		84B2126918F216E100235C3B /* en */ = {isa = PBXFileReference; lastKnownFileType = text.plist.strings; name = en; path = en.lproj/InfoPlist.strings; sourceTree = "<group>"; };
		84B2127518F2170300235C3B /* UIView+ULInitExtensions.h */ = {isa = PBXFileReference; fileEncoding = 4; lastKnownFileType = sourcecode.c.h; path = "UIView+ULInitExtensions.h"; sourceTree = "<group>"; };
		84B2127618F2170300235C3B /* UIView+ULInitExtensions.m */ = {isa = PBXFileReference; fileEncoding = 4; lastKnownFileType = sourcecode.c.objc; path = "UIView+ULInitExtensions.m"; sourceTree = "<group>"; };
		84B2127818F218FA00235C3B /* ULAttribute.h */ = {isa = PBXFileReference; fileEncoding = 4; lastKnownFileType = sourcecode.c.h; path = ULAttribute.h; sourceTree = "<group>"; };
		84B2127918F218FA00235C3B /* ULAttribute.m */ = {isa = PBXFileReference; fileEncoding = 4; lastKnownFileType = sourcecode.c.objc; path = ULAttribute.m; sourceTree = "<group>"; };
		84B2127B18F2197900235C3B /* NSLayoutConstraint+ULExtensions.h */ = {isa = PBXFileReference; fileEncoding = 4; lastKnownFileType = sourcecode.c.h; path = "NSLayoutConstraint+ULExtensions.h"; sourceTree = "<group>"; };
		84B2127C18F2197900235C3B /* NSLayoutConstraint+ULExtensions.m */ = {isa = PBXFileReference; fileEncoding = 4; lastKnownFileType = sourcecode.c.objc; path = "NSLayoutConstraint+ULExtensions.m"; sourceTree = "<group>"; };
		84B2127E18F21A1E00235C3B /* UIView+ULItem.h */ = {isa = PBXFileReference; fileEncoding = 4; lastKnownFileType = sourcecode.c.h; path = "UIView+ULItem.h"; sourceTree = "<group>"; };
		84B2127F18F21A1E00235C3B /* UIView+ULItem.m */ = {isa = PBXFileReference; fileEncoding = 4; lastKnownFileType = sourcecode.c.objc; path = "UIView+ULItem.m"; sourceTree = "<group>"; };
		84B2128618F21EC100235C3B /* README.md */ = {isa = PBXFileReference; fileEncoding = 4; lastKnownFileType = text; path = README.md; sourceTree = "<group>"; };
		84B2128C18F2300A00235C3B /* AppKitOrUIKit.h */ = {isa = PBXFileReference; lastKnownFileType = sourcecode.c.h; path = AppKitOrUIKit.h; sourceTree = "<group>"; };
		84B2128E18F2315C00235C3B /* ULItem.h */ = {isa = PBXFileReference; fileEncoding = 4; lastKnownFileType = sourcecode.c.h; path = ULItem.h; sourceTree = "<group>"; };
		84B2128F18F2315C00235C3B /* ULItem.m */ = {isa = PBXFileReference; fileEncoding = 4; lastKnownFileType = sourcecode.c.objc; path = ULItem.m; sourceTree = "<group>"; };
		84B2129718F2500A00235C3B /* UltraLayout.framework */ = {isa = PBXFileReference; explicitFileType = wrapper.framework; includeInIndex = 0; path = UltraLayout.framework; sourceTree = BUILT_PRODUCTS_DIR; };
		84B2129818F2500A00235C3B /* Cocoa.framework */ = {isa = PBXFileReference; lastKnownFileType = wrapper.framework; name = Cocoa.framework; path = Library/Frameworks/Cocoa.framework; sourceTree = DEVELOPER_DIR; };
		84B2129B18F2500A00235C3B /* Foundation.framework */ = {isa = PBXFileReference; lastKnownFileType = wrapper.framework; name = Foundation.framework; path = Library/Frameworks/Foundation.framework; sourceTree = SDKROOT; };
		84B2129C18F2500A00235C3B /* CoreData.framework */ = {isa = PBXFileReference; lastKnownFileType = wrapper.framework; name = CoreData.framework; path = Library/Frameworks/CoreData.framework; sourceTree = SDKROOT; };
		84B2129D18F2500A00235C3B /* AppKit.framework */ = {isa = PBXFileReference; lastKnownFileType = wrapper.framework; name = AppKit.framework; path = Library/Frameworks/AppKit.framework; sourceTree = SDKROOT; };
		84B212A018F2500A00235C3B /* UltraLayout Mac-Info.plist */ = {isa = PBXFileReference; lastKnownFileType = text.plist.xml; path = "UltraLayout Mac-Info.plist"; sourceTree = "<group>"; };
		84B212A218F2500A00235C3B /* en */ = {isa = PBXFileReference; lastKnownFileType = text.plist.strings; name = en; path = en.lproj/InfoPlist.strings; sourceTree = "<group>"; };
		84B212A418F2500A00235C3B /* UltraLayout Mac-Prefix.pch */ = {isa = PBXFileReference; lastKnownFileType = sourcecode.c.h; path = "UltraLayout Mac-Prefix.pch"; sourceTree = "<group>"; };
		84B212AC18F2500A00235C3B /* UltraLayout MacTests.xctest */ = {isa = PBXFileReference; explicitFileType = wrapper.cfbundle; includeInIndex = 0; path = "UltraLayout MacTests.xctest"; sourceTree = BUILT_PRODUCTS_DIR; };
		84B212B418F2500A00235C3B /* UltraLayout MacTests-Info.plist */ = {isa = PBXFileReference; lastKnownFileType = text.plist.xml; path = "UltraLayout MacTests-Info.plist"; sourceTree = "<group>"; };
		84B212B618F2500A00235C3B /* en */ = {isa = PBXFileReference; lastKnownFileType = text.plist.strings; name = en; path = en.lproj/InfoPlist.strings; sourceTree = "<group>"; };
		84B212C918F252F700235C3B /* NSView+ULItem.h */ = {isa = PBXFileReference; fileEncoding = 4; lastKnownFileType = sourcecode.c.h; path = "NSView+ULItem.h"; sourceTree = "<group>"; };
		84B212CA18F252F700235C3B /* NSView+ULItem.m */ = {isa = PBXFileReference; fileEncoding = 4; lastKnownFileType = sourcecode.c.objc; path = "NSView+ULItem.m"; sourceTree = "<group>"; };
		84B212CD18F2536C00235C3B /* NSView+ULInitExtensions.h */ = {isa = PBXFileReference; fileEncoding = 4; lastKnownFileType = sourcecode.c.h; path = "NSView+ULInitExtensions.h"; sourceTree = "<group>"; };
		84B212CE18F2536C00235C3B /* NSView+ULInitExtensions.m */ = {isa = PBXFileReference; fileEncoding = 4; lastKnownFileType = sourcecode.c.objc; path = "NSView+ULInitExtensions.m"; sourceTree = "<group>"; };
		84B212D118F253D600235C3B /* Cocoa.framework */ = {isa = PBXFileReference; lastKnownFileType = wrapper.framework; name = Cocoa.framework; path = Platforms/MacOSX.platform/Developer/SDKs/MacOSX10.9.sdk/System/Library/Frameworks/Cocoa.framework; sourceTree = DEVELOPER_DIR; };
		84B212D418F257CA00235C3B /* ULDimensionAttribute.h */ = {isa = PBXFileReference; fileEncoding = 4; lastKnownFileType = sourcecode.c.h; path = ULDimensionAttribute.h; sourceTree = "<group>"; };
		84B212D518F257CA00235C3B /* ULDimensionAttribute.m */ = {isa = PBXFileReference; fileEncoding = 4; lastKnownFileType = sourcecode.c.objc; path = ULDimensionAttribute.m; sourceTree = "<group>"; };
		84B212D918F25A8000235C3B /* ULLayoutPosition.h */ = {isa = PBXFileReference; fileEncoding = 4; lastKnownFileType = sourcecode.c.h; path = ULLayoutPosition.h; sourceTree = "<group>"; };
		84B212DA18F25A8000235C3B /* ULLayoutPosition.m */ = {isa = PBXFileReference; fileEncoding = 4; lastKnownFileType = sourcecode.c.objc; path = ULLayoutPosition.m; sourceTree = "<group>"; };
		84B212E418F2883100235C3B /* UIKit.framework */ = {isa = PBXFileReference; lastKnownFileType = wrapper.framework; name = UIKit.framework; path = System/Library/Frameworks/UIKit.framework; sourceTree = SDKROOT; };
		84B2131A18F28CAD00235C3B /* ULMacLayoutConstraintAddRemoveTests.m */ = {isa = PBXFileReference; fileEncoding = 4; lastKnownFileType = sourcecode.c.objc; path = ULMacLayoutConstraintAddRemoveTests.m; sourceTree = "<group>"; };
		84B2131C18F28CBE00235C3B /* ULMacInitExtensionTests.m */ = {isa = PBXFileReference; fileEncoding = 4; lastKnownFileType = sourcecode.c.objc; path = ULMacInitExtensionTests.m; sourceTree = "<group>"; };
		84B2131E18F292F200235C3B /* ULMacItemTests.m */ = {isa = PBXFileReference; fileEncoding = 4; lastKnownFileType = sourcecode.c.objc; path = ULMacItemTests.m; sourceTree = "<group>"; };
/* End PBXFileReference section */

/* Begin PBXFrameworksBuildPhase section */
		84B2124918F216E100235C3B /* Frameworks */ = {
			isa = PBXFrameworksBuildPhase;
			buildActionMask = 2147483647;
			files = (
				84B2125018F216E100235C3B /* Foundation.framework in Frameworks */,
			);
			runOnlyForDeploymentPostprocessing = 0;
		};
		84B2125918F216E100235C3B /* Frameworks */ = {
			isa = PBXFrameworksBuildPhase;
			buildActionMask = 2147483647;
			files = (
				84B212E518F2883100235C3B /* UIKit.framework in Frameworks */,
				84B2126418F216E100235C3B /* libUltraLayout.a in Frameworks */,
				84B2125E18F216E100235C3B /* XCTest.framework in Frameworks */,
				84B2125F18F216E100235C3B /* Foundation.framework in Frameworks */,
			);
			runOnlyForDeploymentPostprocessing = 0;
		};
		84B2129318F2500A00235C3B /* Frameworks */ = {
			isa = PBXFrameworksBuildPhase;
			buildActionMask = 2147483647;
			files = (
				84B212D218F253D600235C3B /* Cocoa.framework in Frameworks */,
			);
			runOnlyForDeploymentPostprocessing = 0;
		};
		84B212A918F2500A00235C3B /* Frameworks */ = {
			isa = PBXFrameworksBuildPhase;
			buildActionMask = 2147483647;
			files = (
				84B212E718F2884800235C3B /* UltraLayout.framework in Frameworks */,
				84B212E618F2884200235C3B /* Cocoa.framework in Frameworks */,
				84B212AD18F2500A00235C3B /* XCTest.framework in Frameworks */,
			);
			runOnlyForDeploymentPostprocessing = 0;
		};
/* End PBXFrameworksBuildPhase section */

/* Begin PBXGroup section */
		84B2124318F216E100235C3B = {
			isa = PBXGroup;
			children = (
				84B2128618F21EC100235C3B /* README.md */,
				84B2125118F216E100235C3B /* UltraLayout */,
				84B2126518F216E100235C3B /* UltraLayoutTests */,
				84B212B218F2500A00235C3B /* UltraLayout MacTests */,
				84B2124E18F216E100235C3B /* Frameworks */,
				84B2124D18F216E100235C3B /* Products */,
			);
			sourceTree = "<group>";
		};
		84B2124D18F216E100235C3B /* Products */ = {
			isa = PBXGroup;
			children = (
				84B2124C18F216E100235C3B /* libUltraLayout.a */,
				84B2125C18F216E100235C3B /* UltraLayoutTests.xctest */,
				84B2129718F2500A00235C3B /* UltraLayout.framework */,
				84B212AC18F2500A00235C3B /* UltraLayout MacTests.xctest */,
			);
			name = Products;
			sourceTree = "<group>";
		};
		84B2124E18F216E100235C3B /* Frameworks */ = {
			isa = PBXGroup;
			children = (
				84B212E418F2883100235C3B /* UIKit.framework */,
				84B212D118F253D600235C3B /* Cocoa.framework */,
				84B2124F18F216E100235C3B /* Foundation.framework */,
				84B2125D18F216E100235C3B /* XCTest.framework */,
				84B2126018F216E100235C3B /* UIKit.framework */,
				84B2129818F2500A00235C3B /* Cocoa.framework */,
				84B2129A18F2500A00235C3B /* Other Frameworks */,
			);
			name = Frameworks;
			sourceTree = "<group>";
		};
		84B2125118F216E100235C3B /* UltraLayout */ = {
			isa = PBXGroup;
			children = (
				84B2125418F216E100235C3B /* UltraLayout.h */,
				84B2125618F216E100235C3B /* UltraLayout.m */,
				84B2128C18F2300A00235C3B /* AppKitOrUIKit.h */,
				84B2128518F21EA200235C3B /* Common */,
				84B2128418F21CD900235C3B /* iOS */,
				84B2129E18F2500A00235C3B /* Mac */,
			);
			path = UltraLayout;
			sourceTree = "<group>";
		};
		84B2125218F216E100235C3B /* Supporting Files */ = {
			isa = PBXGroup;
			children = (
				84B2125318F216E100235C3B /* UltraLayout-Prefix.pch */,
			);
			name = "Supporting Files";
			sourceTree = "<group>";
		};
		84B2126518F216E100235C3B /* UltraLayoutTests */ = {
			isa = PBXGroup;
			children = (
				84B2126618F216E100235C3B /* Supporting Files */,
			);
			path = UltraLayoutTests;
			sourceTree = "<group>";
		};
		84B2126618F216E100235C3B /* Supporting Files */ = {
			isa = PBXGroup;
			children = (
				84B2126718F216E100235C3B /* UltraLayoutTests-Info.plist */,
				84B2126818F216E100235C3B /* InfoPlist.strings */,
			);
			name = "Supporting Files";
			sourceTree = "<group>";
		};
		84B2128418F21CD900235C3B /* iOS */ = {
			isa = PBXGroup;
			children = (
				84B2127518F2170300235C3B /* UIView+ULInitExtensions.h */,
				84B2127618F2170300235C3B /* UIView+ULInitExtensions.m */,
				84B2127E18F21A1E00235C3B /* UIView+ULItem.h */,
				84B2127F18F21A1E00235C3B /* UIView+ULItem.m */,
				84B2125218F216E100235C3B /* Supporting Files */,
			);
			name = iOS;
			sourceTree = "<group>";
		};
		84B2128518F21EA200235C3B /* Common */ = {
			isa = PBXGroup;
			children = (
				84B2127B18F2197900235C3B /* NSLayoutConstraint+ULExtensions.h */,
				84B2127C18F2197900235C3B /* NSLayoutConstraint+ULExtensions.m */,
				84B2128E18F2315C00235C3B /* ULItem.h */,
				84B2128F18F2315C00235C3B /* ULItem.m */,
				84B2127818F218FA00235C3B /* ULAttribute.h */,
				84B2127918F218FA00235C3B /* ULAttribute.m */,
				84B212D418F257CA00235C3B /* ULDimensionAttribute.h */,
				84B212D518F257CA00235C3B /* ULDimensionAttribute.m */,
				84B212D918F25A8000235C3B /* ULLayoutPosition.h */,
				84B212DA18F25A8000235C3B /* ULLayoutPosition.m */,
			);
			name = Common;
			sourceTree = "<group>";
		};
		84B2129A18F2500A00235C3B /* Other Frameworks */ = {
			isa = PBXGroup;
			children = (
				84B2129B18F2500A00235C3B /* Foundation.framework */,
				84B2129C18F2500A00235C3B /* CoreData.framework */,
				84B2129D18F2500A00235C3B /* AppKit.framework */,
			);
			name = "Other Frameworks";
			sourceTree = "<group>";
		};
		84B2129E18F2500A00235C3B /* Mac */ = {
			isa = PBXGroup;
			children = (
				84B212CD18F2536C00235C3B /* NSView+ULInitExtensions.h */,
				84B212CE18F2536C00235C3B /* NSView+ULInitExtensions.m */,
				84B212C918F252F700235C3B /* NSView+ULItem.h */,
				84B212CA18F252F700235C3B /* NSView+ULItem.m */,
				84B2129F18F2500A00235C3B /* Supporting Files */,
			);
			name = Mac;
			path = "UltraLayout Mac";
			sourceTree = SOURCE_ROOT;
		};
		84B2129F18F2500A00235C3B /* Supporting Files */ = {
			isa = PBXGroup;
			children = (
				84B212A018F2500A00235C3B /* UltraLayout Mac-Info.plist */,
				84B212A118F2500A00235C3B /* InfoPlist.strings */,
				84B212A418F2500A00235C3B /* UltraLayout Mac-Prefix.pch */,
			);
			name = "Supporting Files";
			sourceTree = "<group>";
		};
		84B212B218F2500A00235C3B /* UltraLayout MacTests */ = {
			isa = PBXGroup;
			children = (
				84B212B318F2500A00235C3B /* Supporting Files */,
				84B2131C18F28CBE00235C3B /* ULMacInitExtensionTests.m */,
				84B2131A18F28CAD00235C3B /* ULMacLayoutConstraintAddRemoveTests.m */,
				84B2131E18F292F200235C3B /* ULMacItemTests.m */,
			);
			path = "UltraLayout MacTests";
			sourceTree = "<group>";
		};
		84B212B318F2500A00235C3B /* Supporting Files */ = {
			isa = PBXGroup;
			children = (
				84B212B418F2500A00235C3B /* UltraLayout MacTests-Info.plist */,
				84B212B518F2500A00235C3B /* InfoPlist.strings */,
			);
			name = "Supporting Files";
			sourceTree = "<group>";
		};
/* End PBXGroup section */

/* Begin PBXHeadersBuildPhase section */
		84B2129418F2500A00235C3B /* Headers */ = {
			isa = PBXHeadersBuildPhase;
			buildActionMask = 2147483647;
			files = (
				84B212D018F2537F00235C3B /* NSView+ULInitExtensions.h in Headers */,
				84B212C218F2508C00235C3B /* NSLayoutConstraint+ULExtensions.h in Headers */,
				84B212C018F2508C00235C3B /* UltraLayout.h in Headers */,
				84B212C418F2508C00235C3B /* ULAttribute.h in Headers */,
				84B212C318F2508C00235C3B /* ULItem.h in Headers */,
				84B212CB18F252F700235C3B /* NSView+ULItem.h in Headers */,
				84B212D618F257CA00235C3B /* ULDimensionAttribute.h in Headers */,
				84B212DB18F25A8000235C3B /* ULLayoutPosition.h in Headers */,
				84B212C118F2508C00235C3B /* AppKitOrUIKit.h in Headers */,
			);
			runOnlyForDeploymentPostprocessing = 0;
		};
/* End PBXHeadersBuildPhase section */

/* Begin PBXNativeTarget section */
		84B2124B18F216E100235C3B /* UltraLayout */ = {
			isa = PBXNativeTarget;
			buildConfigurationList = 84B2126F18F216E100235C3B /* Build configuration list for PBXNativeTarget "UltraLayout" */;
			buildPhases = (
				84B2124818F216E100235C3B /* Sources */,
				84B2124918F216E100235C3B /* Frameworks */,
				84B2124A18F216E100235C3B /* CopyFiles */,
			);
			buildRules = (
			);
			dependencies = (
			);
			name = UltraLayout;
			productName = UltraLayout;
			productReference = 84B2124C18F216E100235C3B /* libUltraLayout.a */;
			productType = "com.apple.product-type.library.static";
		};
		84B2125B18F216E100235C3B /* UltraLayoutTests */ = {
			isa = PBXNativeTarget;
			buildConfigurationList = 84B2127218F216E100235C3B /* Build configuration list for PBXNativeTarget "UltraLayoutTests" */;
			buildPhases = (
				84B2125818F216E100235C3B /* Sources */,
				84B2125918F216E100235C3B /* Frameworks */,
				84B2125A18F216E100235C3B /* Resources */,
			);
			buildRules = (
			);
			dependencies = (
				84B2126318F216E100235C3B /* PBXTargetDependency */,
			);
			name = UltraLayoutTests;
			productName = UltraLayoutTests;
			productReference = 84B2125C18F216E100235C3B /* UltraLayoutTests.xctest */;
			productType = "com.apple.product-type.bundle.unit-test";
		};
		84B2129618F2500A00235C3B /* UltraLayout Mac */ = {
			isa = PBXNativeTarget;
			buildConfigurationList = 84B212BA18F2500B00235C3B /* Build configuration list for PBXNativeTarget "UltraLayout Mac" */;
			buildPhases = (
				84B2129218F2500A00235C3B /* Sources */,
				84B2129318F2500A00235C3B /* Frameworks */,
				84B2129418F2500A00235C3B /* Headers */,
				84B2129518F2500A00235C3B /* Resources */,
			);
			buildRules = (
			);
			dependencies = (
			);
			name = "UltraLayout Mac";
			productName = "UltraLayout Mac";
			productReference = 84B2129718F2500A00235C3B /* UltraLayout.framework */;
			productType = "com.apple.product-type.framework";
		};
		84B212AB18F2500A00235C3B /* UltraLayout MacTests */ = {
			isa = PBXNativeTarget;
			buildConfigurationList = 84B212BD18F2500B00235C3B /* Build configuration list for PBXNativeTarget "UltraLayout MacTests" */;
			buildPhases = (
				84B212A818F2500A00235C3B /* Sources */,
				84B212A918F2500A00235C3B /* Frameworks */,
				84B212AA18F2500A00235C3B /* Resources */,
			);
			buildRules = (
			);
			dependencies = (
				84B212B018F2500A00235C3B /* PBXTargetDependency */,
			);
			name = "UltraLayout MacTests";
			productName = "UltraLayout MacTests";
			productReference = 84B212AC18F2500A00235C3B /* UltraLayout MacTests.xctest */;
			productType = "com.apple.product-type.bundle.unit-test";
		};
/* End PBXNativeTarget section */

/* Begin PBXProject section */
		84B2124418F216E100235C3B /* Project object */ = {
			isa = PBXProject;
			attributes = {
				CLASSPREFIX = UL;
				LastUpgradeCheck = 0510;
				ORGANIZATIONNAME = Architechies;
				TargetAttributes = {
					84B2125B18F216E100235C3B = {
						TestTargetID = 84B2129618F2500A00235C3B;
					};
					84B212AB18F2500A00235C3B = {
						TestTargetID = 84B2129618F2500A00235C3B;
					};
				};
			};
			buildConfigurationList = 84B2124718F216E100235C3B /* Build configuration list for PBXProject "UltraLayout" */;
			compatibilityVersion = "Xcode 3.2";
			developmentRegion = English;
			hasScannedForEncodings = 0;
			knownRegions = (
				en,
			);
			mainGroup = 84B2124318F216E100235C3B;
			productRefGroup = 84B2124D18F216E100235C3B /* Products */;
			projectDirPath = "";
			projectRoot = "";
			targets = (
				84B2124B18F216E100235C3B /* UltraLayout */,
				84B2125B18F216E100235C3B /* UltraLayoutTests */,
				84B2129618F2500A00235C3B /* UltraLayout Mac */,
				84B212AB18F2500A00235C3B /* UltraLayout MacTests */,
			);
		};
/* End PBXProject section */

/* Begin PBXResourcesBuildPhase section */
		84B2125A18F216E100235C3B /* Resources */ = {
			isa = PBXResourcesBuildPhase;
			buildActionMask = 2147483647;
			files = (
				84B2126A18F216E100235C3B /* InfoPlist.strings in Resources */,
			);
			runOnlyForDeploymentPostprocessing = 0;
		};
		84B2129518F2500A00235C3B /* Resources */ = {
			isa = PBXResourcesBuildPhase;
			buildActionMask = 2147483647;
			files = (
				84B212A318F2500A00235C3B /* InfoPlist.strings in Resources */,
			);
			runOnlyForDeploymentPostprocessing = 0;
		};
		84B212AA18F2500A00235C3B /* Resources */ = {
			isa = PBXResourcesBuildPhase;
			buildActionMask = 2147483647;
			files = (
				84B212B718F2500A00235C3B /* InfoPlist.strings in Resources */,
			);
			runOnlyForDeploymentPostprocessing = 0;
		};
/* End PBXResourcesBuildPhase section */

/* Begin PBXSourcesBuildPhase section */
		84B2124818F216E100235C3B /* Sources */ = {
			isa = PBXSourcesBuildPhase;
			buildActionMask = 2147483647;
			files = (
				84B2129018F2315C00235C3B /* ULItem.m in Sources */,
				84B212DC18F25A8000235C3B /* ULLayoutPosition.m in Sources */,
				84B212D718F257CA00235C3B /* ULDimensionAttribute.m in Sources */,
				84B2128018F21A1E00235C3B /* UIView+ULItem.m in Sources */,
				84B2127D18F2197900235C3B /* NSLayoutConstraint+ULExtensions.m in Sources */,
				84B2127718F2170300235C3B /* UIView+ULInitExtensions.m in Sources */,
				84B2127A18F218FA00235C3B /* ULAttribute.m in Sources */,
				84B2125718F216E100235C3B /* UltraLayout.m in Sources */,
			);
			runOnlyForDeploymentPostprocessing = 0;
		};
		84B2125818F216E100235C3B /* Sources */ = {
			isa = PBXSourcesBuildPhase;
			buildActionMask = 2147483647;
			files = (
			);
			runOnlyForDeploymentPostprocessing = 0;
		};
		84B2129218F2500A00235C3B /* Sources */ = {
			isa = PBXSourcesBuildPhase;
			buildActionMask = 2147483647;
			files = (
				84B212C618F250D100235C3B /* NSLayoutConstraint+ULExtensions.m in Sources */,
				84B212DD18F25A8000235C3B /* ULLayoutPosition.m in Sources */,
				84B212D818F257CA00235C3B /* ULDimensionAttribute.m in Sources */,
				84B212C818F250D100235C3B /* ULAttribute.m in Sources */,
				84B212D318F2546500235C3B /* NSView+ULInitExtensions.m in Sources */,
				84B212CC18F252F700235C3B /* NSView+ULItem.m in Sources */,
				84B212C718F250D100235C3B /* ULItem.m in Sources */,
				84B212C518F250D100235C3B /* UltraLayout.m in Sources */,
			);
			runOnlyForDeploymentPostprocessing = 0;
		};
		84B212A818F2500A00235C3B /* Sources */ = {
			isa = PBXSourcesBuildPhase;
			buildActionMask = 2147483647;
			files = (
				84B2131D18F28CBE00235C3B /* ULMacInitExtensionTests.m in Sources */,
				84B2131F18F292F200235C3B /* ULMacItemTests.m in Sources */,
				84B2131B18F28CAD00235C3B /* ULMacLayoutConstraintAddRemoveTests.m in Sources */,
			);
			runOnlyForDeploymentPostprocessing = 0;
		};
/* End PBXSourcesBuildPhase section */

/* Begin PBXTargetDependency section */
		84B2126318F216E100235C3B /* PBXTargetDependency */ = {
			isa = PBXTargetDependency;
			target = 84B2124B18F216E100235C3B /* UltraLayout */;
			targetProxy = 84B2126218F216E100235C3B /* PBXContainerItemProxy */;
		};
		84B212B018F2500A00235C3B /* PBXTargetDependency */ = {
			isa = PBXTargetDependency;
			target = 84B2129618F2500A00235C3B /* UltraLayout Mac */;
			targetProxy = 84B212AF18F2500A00235C3B /* PBXContainerItemProxy */;
		};
/* End PBXTargetDependency section */

/* Begin PBXVariantGroup section */
		84B2126818F216E100235C3B /* InfoPlist.strings */ = {
			isa = PBXVariantGroup;
			children = (
				84B2126918F216E100235C3B /* en */,
			);
			name = InfoPlist.strings;
			sourceTree = "<group>";
		};
		84B212A118F2500A00235C3B /* InfoPlist.strings */ = {
			isa = PBXVariantGroup;
			children = (
				84B212A218F2500A00235C3B /* en */,
			);
			name = InfoPlist.strings;
			sourceTree = "<group>";
		};
		84B212B518F2500A00235C3B /* InfoPlist.strings */ = {
			isa = PBXVariantGroup;
			children = (
				84B212B618F2500A00235C3B /* en */,
			);
			name = InfoPlist.strings;
			sourceTree = "<group>";
		};
/* End PBXVariantGroup section */

/* Begin XCBuildConfiguration section */
		84B2126D18F216E100235C3B /* Debug */ = {
			isa = XCBuildConfiguration;
			buildSettings = {
				ALWAYS_SEARCH_USER_PATHS = NO;
				CLANG_CXX_LANGUAGE_STANDARD = "gnu++0x";
				CLANG_CXX_LIBRARY = "libc++";
				CLANG_ENABLE_MODULES = YES;
				CLANG_ENABLE_OBJC_ARC = YES;
				CLANG_WARN_BOOL_CONVERSION = YES;
				CLANG_WARN_CONSTANT_CONVERSION = YES;
				CLANG_WARN_DIRECT_OBJC_ISA_USAGE = YES_ERROR;
				CLANG_WARN_EMPTY_BODY = YES;
				CLANG_WARN_ENUM_CONVERSION = YES;
				CLANG_WARN_INT_CONVERSION = YES;
				CLANG_WARN_OBJC_ROOT_CLASS = YES_ERROR;
				CLANG_WARN__DUPLICATE_METHOD_MATCH = YES;
				COPY_PHASE_STRIP = NO;
				GCC_C_LANGUAGE_STANDARD = gnu99;
				GCC_DYNAMIC_NO_PIC = NO;
				GCC_OPTIMIZATION_LEVEL = 0;
				GCC_PREPROCESSOR_DEFINITIONS = (
					"DEBUG=1",
					"$(inherited)",
				);
				GCC_SYMBOLS_PRIVATE_EXTERN = NO;
				GCC_WARN_64_TO_32_BIT_CONVERSION = YES;
				GCC_WARN_ABOUT_RETURN_TYPE = YES_ERROR;
				GCC_WARN_UNDECLARED_SELECTOR = YES;
				GCC_WARN_UNINITIALIZED_AUTOS = YES_AGGRESSIVE;
				GCC_WARN_UNUSED_FUNCTION = YES;
				GCC_WARN_UNUSED_VARIABLE = YES;
				IPHONEOS_DEPLOYMENT_TARGET = 7.1;
				ONLY_ACTIVE_ARCH = YES;
				SDKROOT = iphoneos;
			};
			name = Debug;
		};
		84B2126E18F216E100235C3B /* Release */ = {
			isa = XCBuildConfiguration;
			buildSettings = {
				ALWAYS_SEARCH_USER_PATHS = NO;
				CLANG_CXX_LANGUAGE_STANDARD = "gnu++0x";
				CLANG_CXX_LIBRARY = "libc++";
				CLANG_ENABLE_MODULES = YES;
				CLANG_ENABLE_OBJC_ARC = YES;
				CLANG_WARN_BOOL_CONVERSION = YES;
				CLANG_WARN_CONSTANT_CONVERSION = YES;
				CLANG_WARN_DIRECT_OBJC_ISA_USAGE = YES_ERROR;
				CLANG_WARN_EMPTY_BODY = YES;
				CLANG_WARN_ENUM_CONVERSION = YES;
				CLANG_WARN_INT_CONVERSION = YES;
				CLANG_WARN_OBJC_ROOT_CLASS = YES_ERROR;
				CLANG_WARN__DUPLICATE_METHOD_MATCH = YES;
				COPY_PHASE_STRIP = YES;
				ENABLE_NS_ASSERTIONS = NO;
				GCC_C_LANGUAGE_STANDARD = gnu99;
				GCC_WARN_64_TO_32_BIT_CONVERSION = YES;
				GCC_WARN_ABOUT_RETURN_TYPE = YES_ERROR;
				GCC_WARN_UNDECLARED_SELECTOR = YES;
				GCC_WARN_UNINITIALIZED_AUTOS = YES_AGGRESSIVE;
				GCC_WARN_UNUSED_FUNCTION = YES;
				GCC_WARN_UNUSED_VARIABLE = YES;
				IPHONEOS_DEPLOYMENT_TARGET = 7.1;
				SDKROOT = iphoneos;
				VALIDATE_PRODUCT = YES;
			};
			name = Release;
		};
		84B2127018F216E100235C3B /* Debug */ = {
			isa = XCBuildConfiguration;
			buildSettings = {
				DSTROOT = /tmp/UltraLayout.dst;
				GCC_PRECOMPILE_PREFIX_HEADER = YES;
				GCC_PREFIX_HEADER = "UltraLayout/UltraLayout-Prefix.pch";
				OTHER_LDFLAGS = "-ObjC";
				PRODUCT_NAME = "$(TARGET_NAME)";
				SKIP_INSTALL = YES;
			};
			name = Debug;
		};
		84B2127118F216E100235C3B /* Release */ = {
			isa = XCBuildConfiguration;
			buildSettings = {
				DSTROOT = /tmp/UltraLayout.dst;
				GCC_PRECOMPILE_PREFIX_HEADER = YES;
				GCC_PREFIX_HEADER = "UltraLayout/UltraLayout-Prefix.pch";
				OTHER_LDFLAGS = "-ObjC";
				PRODUCT_NAME = "$(TARGET_NAME)";
				SKIP_INSTALL = YES;
			};
			name = Release;
		};
		84B2127318F216E100235C3B /* Debug */ = {
			isa = XCBuildConfiguration;
			buildSettings = {
				FRAMEWORK_SEARCH_PATHS = (
					"$(SDKROOT)/Developer/Library/Frameworks",
					"$(inherited)",
					"$(DEVELOPER_FRAMEWORKS_DIR)",
				);
				GCC_PRECOMPILE_PREFIX_HEADER = YES;
				GCC_PREFIX_HEADER = "UltraLayout/UltraLayout-Prefix.pch";
				GCC_PREPROCESSOR_DEFINITIONS = (
					"DEBUG=1",
					"$(inherited)",
				);
				INFOPLIST_FILE = "UltraLayoutTests/UltraLayoutTests-Info.plist";
				OTHER_LDFLAGS = (
					"$(inherited)",
					"-all_load",
				);
				PRODUCT_NAME = "$(TARGET_NAME)";
				TEST_HOST = "$(BUNDLE_LOADER)";
				WRAPPER_EXTENSION = xctest;
			};
			name = Debug;
		};
		84B2127418F216E100235C3B /* Release */ = {
			isa = XCBuildConfiguration;
			buildSettings = {
				FRAMEWORK_SEARCH_PATHS = (
					"$(SDKROOT)/Developer/Library/Frameworks",
					"$(inherited)",
					"$(DEVELOPER_FRAMEWORKS_DIR)",
				);
				GCC_PRECOMPILE_PREFIX_HEADER = YES;
				GCC_PREFIX_HEADER = "UltraLayout/UltraLayout-Prefix.pch";
				INFOPLIST_FILE = "UltraLayoutTests/UltraLayoutTests-Info.plist";
				OTHER_LDFLAGS = (
					"$(inherited)",
					"-all_load",
				);
				PRODUCT_NAME = "$(TARGET_NAME)";
				TEST_HOST = "$(BUNDLE_LOADER)";
				WRAPPER_EXTENSION = xctest;
			};
			name = Release;
		};
		84B212BB18F2500B00235C3B /* Debug */ = {
			isa = XCBuildConfiguration;
			buildSettings = {
				COMBINE_HIDPI_IMAGES = YES;
				DYLIB_COMPATIBILITY_VERSION = 1;
				DYLIB_CURRENT_VERSION = 1;
				FRAMEWORK_SEARCH_PATHS = (
					"$(inherited)",
					"$(DEVELOPER_FRAMEWORKS_DIR)",
				);
				FRAMEWORK_VERSION = A;
				GCC_ENABLE_OBJC_EXCEPTIONS = YES;
				GCC_PRECOMPILE_PREFIX_HEADER = YES;
				GCC_PREFIX_HEADER = "UltraLayout Mac/UltraLayout Mac-Prefix.pch";
				GCC_PREPROCESSOR_DEFINITIONS = (
					"DEBUG=1",
					"$(inherited)",
				);
				INFOPLIST_FILE = "UltraLayout Mac/UltraLayout Mac-Info.plist";
				MACOSX_DEPLOYMENT_TARGET = 10.9;
				PRODUCT_NAME = UltraLayout;
				SDKROOT = macosx;
				WRAPPER_EXTENSION = framework;
			};
			name = Debug;
		};
		84B212BC18F2500B00235C3B /* Release */ = {
			isa = XCBuildConfiguration;
			buildSettings = {
				COMBINE_HIDPI_IMAGES = YES;
				DEBUG_INFORMATION_FORMAT = "dwarf-with-dsym";
				DYLIB_COMPATIBILITY_VERSION = 1;
				DYLIB_CURRENT_VERSION = 1;
				FRAMEWORK_SEARCH_PATHS = (
					"$(inherited)",
					"$(DEVELOPER_FRAMEWORKS_DIR)",
				);
				FRAMEWORK_VERSION = A;
				GCC_ENABLE_OBJC_EXCEPTIONS = YES;
				GCC_PRECOMPILE_PREFIX_HEADER = YES;
				GCC_PREFIX_HEADER = "UltraLayout Mac/UltraLayout Mac-Prefix.pch";
				INFOPLIST_FILE = "UltraLayout Mac/UltraLayout Mac-Info.plist";
				MACOSX_DEPLOYMENT_TARGET = 10.9;
				PRODUCT_NAME = UltraLayout;
				SDKROOT = macosx;
				WRAPPER_EXTENSION = framework;
			};
			name = Release;
		};
		84B212BE18F2500B00235C3B /* Debug */ = {
			isa = XCBuildConfiguration;
			buildSettings = {
				BUNDLE_LOADER = "$(BUILT_PRODUCTS_DIR)/UltraLayout.framework/Versions/A/UltraLayout";
				COMBINE_HIDPI_IMAGES = YES;
				FRAMEWORK_SEARCH_PATHS = (
					"$(DEVELOPER_FRAMEWORKS_DIR)",
					"$(inherited)",
				);
				GCC_ENABLE_OBJC_EXCEPTIONS = YES;
				GCC_PRECOMPILE_PREFIX_HEADER = YES;
				GCC_PREFIX_HEADER = "UltraLayout Mac/UltraLayout Mac-Prefix.pch";
				GCC_PREPROCESSOR_DEFINITIONS = (
					"DEBUG=1",
					"$(inherited)",
				);
				INFOPLIST_FILE = "UltraLayout MacTests/UltraLayout MacTests-Info.plist";
				MACOSX_DEPLOYMENT_TARGET = 10.9;
				OTHER_LDFLAGS = (
					"$(inherited)",
					"-all_load",
				);
				PRODUCT_NAME = "$(TARGET_NAME)";
				SDKROOT = macosx;
				TEST_HOST = "$(BUNDLE_LOADER)";
				WRAPPER_EXTENSION = xctest;
			};
			name = Debug;
		};
		84B212BF18F2500B00235C3B /* Release */ = {
			isa = XCBuildConfiguration;
			buildSettings = {
				BUNDLE_LOADER = "$(BUILT_PRODUCTS_DIR)/UltraLayout.framework/Versions/A/UltraLayout";
				COMBINE_HIDPI_IMAGES = YES;
				DEBUG_INFORMATION_FORMAT = "dwarf-with-dsym";
				FRAMEWORK_SEARCH_PATHS = (
					"$(DEVELOPER_FRAMEWORKS_DIR)",
					"$(inherited)",
				);
				GCC_ENABLE_OBJC_EXCEPTIONS = YES;
				GCC_PRECOMPILE_PREFIX_HEADER = YES;
				GCC_PREFIX_HEADER = "UltraLayout Mac/UltraLayout Mac-Prefix.pch";
				INFOPLIST_FILE = "UltraLayout MacTests/UltraLayout MacTests-Info.plist";
				MACOSX_DEPLOYMENT_TARGET = 10.9;
				OTHER_LDFLAGS = (
					"$(inherited)",
					"-all_load",
				);
				PRODUCT_NAME = "$(TARGET_NAME)";
				SDKROOT = macosx;
				TEST_HOST = "$(BUNDLE_LOADER)";
				WRAPPER_EXTENSION = xctest;
			};
			name = Release;
		};
/* End XCBuildConfiguration section */

/* Begin XCConfigurationList section */
		84B2124718F216E100235C3B /* Build configuration list for PBXProject "UltraLayout" */ = {
			isa = XCConfigurationList;
			buildConfigurations = (
				84B2126D18F216E100235C3B /* Debug */,
				84B2126E18F216E100235C3B /* Release */,
			);
			defaultConfigurationIsVisible = 0;
			defaultConfigurationName = Release;
		};
		84B2126F18F216E100235C3B /* Build configuration list for PBXNativeTarget "UltraLayout" */ = {
			isa = XCConfigurationList;
			buildConfigurations = (
				84B2127018F216E100235C3B /* Debug */,
				84B2127118F216E100235C3B /* Release */,
			);
			defaultConfigurationIsVisible = 0;
			defaultConfigurationName = Release;
		};
		84B2127218F216E100235C3B /* Build configuration list for PBXNativeTarget "UltraLayoutTests" */ = {
			isa = XCConfigurationList;
			buildConfigurations = (
				84B2127318F216E100235C3B /* Debug */,
				84B2127418F216E100235C3B /* Release */,
			);
			defaultConfigurationIsVisible = 0;
			defaultConfigurationName = Release;
		};
		84B212BA18F2500B00235C3B /* Build configuration list for PBXNativeTarget "UltraLayout Mac" */ = {
			isa = XCConfigurationList;
			buildConfigurations = (
				84B212BB18F2500B00235C3B /* Debug */,
				84B212BC18F2500B00235C3B /* Release */,
			);
			defaultConfigurationIsVisible = 0;
			defaultConfigurationName = Release;
		};
		84B212BD18F2500B00235C3B /* Build configuration list for PBXNativeTarget "UltraLayout MacTests" */ = {
			isa = XCConfigurationList;
			buildConfigurations = (
				84B212BE18F2500B00235C3B /* Debug */,
				84B212BF18F2500B00235C3B /* Release */,
			);
			defaultConfigurationIsVisible = 0;
			defaultConfigurationName = Release;
		};
/* End XCConfigurationList section */
	};
	rootObject = 84B2124418F216E100235C3B /* Project object */;
}
